
Microsoft Visual Studio Solution File, Format Version 11.00
# Visual Studio 2010
Project("{FAE04EC0-301F-11D3-BF4B-00C04F79EFBC}") = "Stocks", "Stocks\Stocks.csproj", "{EBE853D0-D438-4B20-B601-2ED23C17D7DB}"
EndProject
Global
	GlobalSection(SolutionConfigurationPlatforms) = preSolution
		Debug|x86 = Debug|x86
		Release|x86 = Release|x86
	EndGlobalSection
	GlobalSection(ProjectConfigurationPlatforms) = postSolution
		{EBE853D0-D438-4B20-B601-2ED23C17D7DB}.Debug|x86.ActiveCfg = Debug|x86
		{EBE853D0-D438-4B20-B601-2ED23C17D7DB}.Debug|x86.Build.0 = Debug|x86
		{EBE853D0-D438-4B20-B601-2ED23C17D7DB}.Release|x86.ActiveCfg = Release|x86
		{EBE853D0-D438-4B20-B601-2ED23C17D7DB}.Release|x86.Build.0 = Release|x86
	EndGlobalSection
	GlobalSection(SolutionProperties) = preSolution
		HideSolutionNode = FALSE
	EndGlobalSection
EndGlobal
